
Microsoft Visual Studio Solution File, Format Version 12.00
# Visual Studio Version 16
VisualStudioVersion = 16.0.34931.43
MinimumVisualStudioVersion = 10.0.40219.1
Project("{FAE04EC0-301F-11D3-BF4B-00C04F79EFBC}") = "CatchTheSquare", "CatchTheSquare\CatchTheSquare.csproj", "{B6D04078-CD1B-4344-BE7B-F3DC44E9543B}"
EndProject
Global
	GlobalSection(SolutionConfigurationPlatforms) = preSolution
		Debug|Any CPU = Debug|Any CPU
		Release|Any CPU = Release|Any CPU
	EndGlobalSection
	GlobalSection(ProjectConfigurationPlatforms) = postSolution
		{B6D04078-CD1B-4344-BE7B-F3DC44E9543B}.Debug|Any CPU.ActiveCfg = Debug|Any CPU
		{B6D04078-CD1B-4344-BE7B-F3DC44E9543B}.Debug|Any CPU.Build.0 = Debug|Any CPU
		{B6D04078-CD1B-4344-BE7B-F3DC44E9543B}.Release|Any CPU.ActiveCfg = Release|Any CPU
		{B6D04078-CD1B-4344-BE7B-F3DC44E9543B}.Release|Any CPU.Build.0 = Release|Any CPU
	EndGlobalSection
	GlobalSection(SolutionProperties) = preSolution
		HideSolutionNode = FALSE
	EndGlobalSection
	GlobalSection(ExtensibilityGlobals) = postSolution
		SolutionGuid = {58A62757-C923-4417-A3A0-8C2ABA726423}
	EndGlobalSection
EndGlobal
